
Microsoft Visual Studio Solution File, Format Version 12.00
# Visual Studio Version 16
VisualStudioVersion = 16.0.30621.155
MinimumVisualStudioVersion = 10.0.40219.1
Project("{9A19103F-16F7-4668-BE54-9A1E7A4F7556}") = "ArchiveSiteBackend.Api", "src\ArchiveSiteBackend.Api\ArchiveSiteBackend.Api.csproj", "{869FF541-761A-44D5-B55F-50F11265CF9B}"
EndProject
Project("{9A19103F-16F7-4668-BE54-9A1E7A4F7556}") = "ArchiveSiteBackend.Data", "src\ArchiveSiteBackend.Data\ArchiveSiteBackend.Data.csproj", "{6581176F-87AC-4507-B582-6AED05342D1C}"
EndProject
Project("{9A19103F-16F7-4668-BE54-9A1E7A4F7556}") = "ArchiveSiteBackend.Api.Tests", "src\ArchiveSiteBackend.Api.Tests\ArchiveSiteBackend.Api.Tests.csproj", "{A6E675A7-0E9D-477A-AE9A-1A59634D93F3}"
EndProject
Global
	GlobalSection(SolutionConfigurationPlatforms) = preSolution
		Debug|Any CPU = Debug|Any CPU
		Release|Any CPU = Release|Any CPU
	EndGlobalSection
	GlobalSection(ProjectConfigurationPlatforms) = postSolution
		{869FF541-761A-44D5-B55F-50F11265CF9B}.Debug|Any CPU.ActiveCfg = Debug|Any CPU
		{869FF541-761A-44D5-B55F-50F11265CF9B}.Debug|Any CPU.Build.0 = Debug|Any CPU
		{869FF541-761A-44D5-B55F-50F11265CF9B}.Release|Any CPU.ActiveCfg = Release|Any CPU
		{869FF541-761A-44D5-B55F-50F11265CF9B}.Release|Any CPU.Build.0 = Release|Any CPU
		{6581176F-87AC-4507-B582-6AED05342D1C}.Debug|Any CPU.ActiveCfg = Debug|Any CPU
		{6581176F-87AC-4507-B582-6AED05342D1C}.Debug|Any CPU.Build.0 = Debug|Any CPU
		{6581176F-87AC-4507-B582-6AED05342D1C}.Release|Any CPU.ActiveCfg = Release|Any CPU
		{6581176F-87AC-4507-B582-6AED05342D1C}.Release|Any CPU.Build.0 = Release|Any CPU
		{A6E675A7-0E9D-477A-AE9A-1A59634D93F3}.Debug|Any CPU.ActiveCfg = Debug|Any CPU
		{A6E675A7-0E9D-477A-AE9A-1A59634D93F3}.Debug|Any CPU.Build.0 = Debug|Any CPU
		{A6E675A7-0E9D-477A-AE9A-1A59634D93F3}.Release|Any CPU.ActiveCfg = Release|Any CPU
		{A6E675A7-0E9D-477A-AE9A-1A59634D93F3}.Release|Any CPU.Build.0 = Release|Any CPU
	EndGlobalSection
	GlobalSection(SolutionProperties) = preSolution
		HideSolutionNode = FALSE
	EndGlobalSection
	GlobalSection(ExtensibilityGlobals) = postSolution
		SolutionGuid = {E477DE80-1A4A-459B-981A-1215C9660888}
	EndGlobalSection
EndGlobal
